github.com/funny/crypto v0.0.0-20161011085906-d0152d76d92a h1:R2xoAw1XG39E29rKtP9veb642O0/BldKquO0KehI3lo=
github.com/funny/crypto v0.0.0-20161011085906-d0152d76d92a/go.mod h1:Yye2edoCeYVlm60tkTaws4eZvBn/vg2c7nyUrr+eAR8=
github.com/funny/utest v0.0.0-20161029064919-43870a374500 h1:Z0r1CZnoIWFB/Uiwh1BU5FYmuFe6L5NPi6XWQEmsTRg=
github.com/funny/utest v0.0.0-20161029064919-43870a374500/go.mod h1:mUn39tBov9jKnTWV1RlOYoNzxdBFHiSzXWdY1FoNGGg=
